
Microsoft Visual Studio Solution File, Format Version 12.00
# Visual Studio Version 16
VisualStudioVersion = 16.0.29409.12
MinimumVisualStudioVersion = 10.0.40219.1
Project("{FAE04EC0-301F-11D3-BF4B-00C04F79EFBC}") = "BlazorApp1", "BlazorApp1.csproj", "{05DA9EF8-1DE2-4B69-A755-4D55D2606915}"
EndProject
Global
	GlobalSection(SolutionConfigurationPlatforms) = preSolution
		Debug|Any CPU = Debug|Any CPU
		Release|Any CPU = Release|Any CPU
	EndGlobalSection
	GlobalSection(ProjectConfigurationPlatforms) = postSolution
		{05DA9EF8-1DE2-4B69-A755-4D55D2606915}.Debug|Any CPU.ActiveCfg = Debug|Any CPU
		{05DA9EF8-1DE2-4B69-A755-4D55D2606915}.Debug|Any CPU.Build.0 = Debug|Any CPU
		{05DA9EF8-1DE2-4B69-A755-4D55D2606915}.Release|Any CPU.ActiveCfg = Release|Any CPU
		{05DA9EF8-1DE2-4B69-A755-4D55D2606915}.Release|Any CPU.Build.0 = Release|Any CPU
	EndGlobalSection
	GlobalSection(SolutionProperties) = preSolution
		HideSolutionNode = FALSE
	EndGlobalSection
	GlobalSection(ExtensibilityGlobals) = postSolution
		SolutionGuid = {8854ABEA-CF0A-4A2F-82BF-EB2A9490EFD8}
	EndGlobalSection
EndGlobal
